
Microsoft Visual Studio Solution File, Format Version 12.00
# Visual Studio Version 16
VisualStudioVersion = 16.0.31911.196
MinimumVisualStudioVersion = 10.0.40219.1
Project("{FAE04EC0-301F-11D3-BF4B-00C04F79EFBC}") = "homework1", "homework1\homework1.csproj", "{DAB23194-2483-41CD-A661-2919780F39AD}"
EndProject
Global
	GlobalSection(SolutionConfigurationPlatforms) = preSolution
		Debug|Any CPU = Debug|Any CPU
		Release|Any CPU = Release|Any CPU
	EndGlobalSection
	GlobalSection(ProjectConfigurationPlatforms) = postSolution
		{DAB23194-2483-41CD-A661-2919780F39AD}.Debug|Any CPU.ActiveCfg = Debug|Any CPU
		{DAB23194-2483-41CD-A661-2919780F39AD}.Debug|Any CPU.Build.0 = Debug|Any CPU
		{DAB23194-2483-41CD-A661-2919780F39AD}.Release|Any CPU.ActiveCfg = Release|Any CPU
		{DAB23194-2483-41CD-A661-2919780F39AD}.Release|Any CPU.Build.0 = Release|Any CPU
	EndGlobalSection
	GlobalSection(SolutionProperties) = preSolution
		HideSolutionNode = FALSE
	EndGlobalSection
	GlobalSection(ExtensibilityGlobals) = postSolution
		SolutionGuid = {7BA99756-0822-486E-AD09-CC24FE17D2F7}
	EndGlobalSection
EndGlobal
