
Microsoft Visual Studio Solution File, Format Version 12.00
# Visual Studio Version 16
VisualStudioVersion = 16.0.31911.196
MinimumVisualStudioVersion = 10.0.40219.1
Project("{FAE04EC0-301F-11D3-BF4B-00C04F79EFBC}") = "OverRide", "OverRide\OverRide.csproj", "{C5EECADF-3C75-4746-AC2F-902DE68238B4}"
EndProject
Global
	GlobalSection(SolutionConfigurationPlatforms) = preSolution
		Debug|Any CPU = Debug|Any CPU
		Release|Any CPU = Release|Any CPU
	EndGlobalSection
	GlobalSection(ProjectConfigurationPlatforms) = postSolution
		{C5EECADF-3C75-4746-AC2F-902DE68238B4}.Debug|Any CPU.ActiveCfg = Debug|Any CPU
		{C5EECADF-3C75-4746-AC2F-902DE68238B4}.Debug|Any CPU.Build.0 = Debug|Any CPU
		{C5EECADF-3C75-4746-AC2F-902DE68238B4}.Release|Any CPU.ActiveCfg = Release|Any CPU
		{C5EECADF-3C75-4746-AC2F-902DE68238B4}.Release|Any CPU.Build.0 = Release|Any CPU
	EndGlobalSection
	GlobalSection(SolutionProperties) = preSolution
		HideSolutionNode = FALSE
	EndGlobalSection
	GlobalSection(ExtensibilityGlobals) = postSolution
		SolutionGuid = {473B1D19-11E3-42A3-AF0D-A751CD0D609D}
	EndGlobalSection
EndGlobal
