
Microsoft Visual Studio Solution File, Format Version 12.00
# Visual Studio Version 16
VisualStudioVersion = 16.0.31911.196
MinimumVisualStudioVersion = 10.0.40219.1
Project("{FAE04EC0-301F-11D3-BF4B-00C04F79EFBC}") = "handon", "handon\handon.csproj", "{09084C1A-35EC-4B5C-9B23-D9EF9A34219A}"
EndProject
Global
	GlobalSection(SolutionConfigurationPlatforms) = preSolution
		Debug|Any CPU = Debug|Any CPU
		Release|Any CPU = Release|Any CPU
	EndGlobalSection
	GlobalSection(ProjectConfigurationPlatforms) = postSolution
		{09084C1A-35EC-4B5C-9B23-D9EF9A34219A}.Debug|Any CPU.ActiveCfg = Debug|Any CPU
		{09084C1A-35EC-4B5C-9B23-D9EF9A34219A}.Debug|Any CPU.Build.0 = Debug|Any CPU
		{09084C1A-35EC-4B5C-9B23-D9EF9A34219A}.Release|Any CPU.ActiveCfg = Release|Any CPU
		{09084C1A-35EC-4B5C-9B23-D9EF9A34219A}.Release|Any CPU.Build.0 = Release|Any CPU
	EndGlobalSection
	GlobalSection(SolutionProperties) = preSolution
		HideSolutionNode = FALSE
	EndGlobalSection
	GlobalSection(ExtensibilityGlobals) = postSolution
		SolutionGuid = {D55E9496-0142-4458-BA2A-2491205D8324}
	EndGlobalSection
EndGlobal
