
Microsoft Visual Studio Solution File, Format Version 12.00
# Visual Studio Version 16
VisualStudioVersion = 16.0.31911.196
MinimumVisualStudioVersion = 10.0.40219.1
Project("{FAE04EC0-301F-11D3-BF4B-00C04F79EFBC}") = "stack", "stack\stack.csproj", "{158A0EEE-A411-4FE6-8980-B69F49AD6140}"
EndProject
Global
	GlobalSection(SolutionConfigurationPlatforms) = preSolution
		Debug|Any CPU = Debug|Any CPU
		Release|Any CPU = Release|Any CPU
	EndGlobalSection
	GlobalSection(ProjectConfigurationPlatforms) = postSolution
		{158A0EEE-A411-4FE6-8980-B69F49AD6140}.Debug|Any CPU.ActiveCfg = Debug|Any CPU
		{158A0EEE-A411-4FE6-8980-B69F49AD6140}.Debug|Any CPU.Build.0 = Debug|Any CPU
		{158A0EEE-A411-4FE6-8980-B69F49AD6140}.Release|Any CPU.ActiveCfg = Release|Any CPU
		{158A0EEE-A411-4FE6-8980-B69F49AD6140}.Release|Any CPU.Build.0 = Release|Any CPU
	EndGlobalSection
	GlobalSection(SolutionProperties) = preSolution
		HideSolutionNode = FALSE
	EndGlobalSection
	GlobalSection(ExtensibilityGlobals) = postSolution
		SolutionGuid = {AC15AE1B-B415-4AAD-BA9E-97C5E2C2D923}
	EndGlobalSection
EndGlobal
