
Microsoft Visual Studio Solution File, Format Version 12.00
# Visual Studio Version 16
VisualStudioVersion = 16.0.31911.196
MinimumVisualStudioVersion = 10.0.40219.1
Project("{FAE04EC0-301F-11D3-BF4B-00C04F79EFBC}") = "tplexample2", "tplexample2\tplexample2.csproj", "{702352E1-D21C-416A-83A8-3E71A94609DD}"
EndProject
Global
	GlobalSection(SolutionConfigurationPlatforms) = preSolution
		Debug|Any CPU = Debug|Any CPU
		Release|Any CPU = Release|Any CPU
	EndGlobalSection
	GlobalSection(ProjectConfigurationPlatforms) = postSolution
		{702352E1-D21C-416A-83A8-3E71A94609DD}.Debug|Any CPU.ActiveCfg = Debug|Any CPU
		{702352E1-D21C-416A-83A8-3E71A94609DD}.Debug|Any CPU.Build.0 = Debug|Any CPU
		{702352E1-D21C-416A-83A8-3E71A94609DD}.Release|Any CPU.ActiveCfg = Release|Any CPU
		{702352E1-D21C-416A-83A8-3E71A94609DD}.Release|Any CPU.Build.0 = Release|Any CPU
	EndGlobalSection
	GlobalSection(SolutionProperties) = preSolution
		HideSolutionNode = FALSE
	EndGlobalSection
	GlobalSection(ExtensibilityGlobals) = postSolution
		SolutionGuid = {BB22E777-F3AB-4D9C-A95B-C6A02B17C0ED}
	EndGlobalSection
EndGlobal
